
Microsoft Visual Studio Solution File, Format Version 12.00
# Visual Studio 2012
Project("{FAE04EC0-301F-11D3-BF4B-00C04F79EFBC}") = "RefactoringExerciseOne", "RefactoringExerciseOne\RefactoringExerciseOne.csproj", "{58FB1A32-B88C-4533-97F8-DD61EC18CCBE}"
EndProject
Project("{FAE04EC0-301F-11D3-BF4B-00C04F79EFBC}") = "RefactoringExerciseTwo", "RefactoringExerciseTwo\RefactoringExerciseTwo.csproj", "{6BFED1CB-0F72-4003-ABBE-34EC6D989C96}"
EndProject
Global
	GlobalSection(SolutionConfigurationPlatforms) = preSolution
		Debug|Any CPU = Debug|Any CPU
		Release|Any CPU = Release|Any CPU
	EndGlobalSection
	GlobalSection(ProjectConfigurationPlatforms) = postSolution
		{58FB1A32-B88C-4533-97F8-DD61EC18CCBE}.Debug|Any CPU.ActiveCfg = Debug|Any CPU
		{58FB1A32-B88C-4533-97F8-DD61EC18CCBE}.Debug|Any CPU.Build.0 = Debug|Any CPU
		{58FB1A32-B88C-4533-97F8-DD61EC18CCBE}.Release|Any CPU.ActiveCfg = Release|Any CPU
		{58FB1A32-B88C-4533-97F8-DD61EC18CCBE}.Release|Any CPU.Build.0 = Release|Any CPU
		{6BFED1CB-0F72-4003-ABBE-34EC6D989C96}.Debug|Any CPU.ActiveCfg = Debug|Any CPU
		{6BFED1CB-0F72-4003-ABBE-34EC6D989C96}.Debug|Any CPU.Build.0 = Debug|Any CPU
		{6BFED1CB-0F72-4003-ABBE-34EC6D989C96}.Release|Any CPU.ActiveCfg = Release|Any CPU
		{6BFED1CB-0F72-4003-ABBE-34EC6D989C96}.Release|Any CPU.Build.0 = Release|Any CPU
	EndGlobalSection
	GlobalSection(SolutionProperties) = preSolution
		HideSolutionNode = FALSE
	EndGlobalSection
EndGlobal
