
Microsoft Visual Studio Solution File, Format Version 12.00
# Visual Studio 2012
Project("{FAE04EC0-301F-11D3-BF4B-00C04F79EFBC}") = "2. BasicMathPerformanceCompare", "BasicMathPerformanceCompare\2. BasicMathPerformanceCompare.csproj", "{C15A7C5F-DF15-4A2D-B8C1-0AE86F45DE71}"
EndProject
Project("{FAE04EC0-301F-11D3-BF4B-00C04F79EFBC}") = "3. AdvancedMathPerformanceCompare", "AdvancedMathPerformanceCompare\3. AdvancedMathPerformanceCompare.csproj", "{BD82185C-BB37-43FE-A27A-FA71C1843875}"
EndProject
Global
	GlobalSection(SolutionConfigurationPlatforms) = preSolution
		Debug|Any CPU = Debug|Any CPU
		Release|Any CPU = Release|Any CPU
	EndGlobalSection
	GlobalSection(ProjectConfigurationPlatforms) = postSolution
		{C15A7C5F-DF15-4A2D-B8C1-0AE86F45DE71}.Debug|Any CPU.ActiveCfg = Debug|Any CPU
		{C15A7C5F-DF15-4A2D-B8C1-0AE86F45DE71}.Debug|Any CPU.Build.0 = Debug|Any CPU
		{C15A7C5F-DF15-4A2D-B8C1-0AE86F45DE71}.Release|Any CPU.ActiveCfg = Release|Any CPU
		{C15A7C5F-DF15-4A2D-B8C1-0AE86F45DE71}.Release|Any CPU.Build.0 = Release|Any CPU
		{BD82185C-BB37-43FE-A27A-FA71C1843875}.Debug|Any CPU.ActiveCfg = Debug|Any CPU
		{BD82185C-BB37-43FE-A27A-FA71C1843875}.Debug|Any CPU.Build.0 = Debug|Any CPU
		{BD82185C-BB37-43FE-A27A-FA71C1843875}.Release|Any CPU.ActiveCfg = Release|Any CPU
		{BD82185C-BB37-43FE-A27A-FA71C1843875}.Release|Any CPU.Build.0 = Release|Any CPU
	EndGlobalSection
	GlobalSection(SolutionProperties) = preSolution
		HideSolutionNode = FALSE
	EndGlobalSection
EndGlobal
