
Microsoft Visual Studio Solution File, Format Version 12.00
# Visual Studio 2012
Project("{FAE04EC0-301F-11D3-BF4B-00C04F79EFBC}") = "GSM", "GSM\GSM.csproj", "{FA42D5D5-54E9-42F4-A910-0355A4FCAEE9}"
EndProject
Project("{FAE04EC0-301F-11D3-BF4B-00C04F79EFBC}") = "GSMCallHistoryTest", "GSMCallHistoryTest\GSMCallHistoryTest.csproj", "{DE8EDACB-8D8A-4C66-A858-8B91AC24EA4B}"
EndProject
Project("{FAE04EC0-301F-11D3-BF4B-00C04F79EFBC}") = "GSMTest", "GSMTest\GSMTest.csproj", "{77A18A34-63CF-4B93-884B-B30EE2E9B1BA}"
EndProject
Global
	GlobalSection(SolutionConfigurationPlatforms) = preSolution
		Debug|Any CPU = Debug|Any CPU
		Release|Any CPU = Release|Any CPU
	EndGlobalSection
	GlobalSection(ProjectConfigurationPlatforms) = postSolution
		{FA42D5D5-54E9-42F4-A910-0355A4FCAEE9}.Debug|Any CPU.ActiveCfg = Debug|Any CPU
		{FA42D5D5-54E9-42F4-A910-0355A4FCAEE9}.Debug|Any CPU.Build.0 = Debug|Any CPU
		{FA42D5D5-54E9-42F4-A910-0355A4FCAEE9}.Release|Any CPU.ActiveCfg = Release|Any CPU
		{FA42D5D5-54E9-42F4-A910-0355A4FCAEE9}.Release|Any CPU.Build.0 = Release|Any CPU
		{DE8EDACB-8D8A-4C66-A858-8B91AC24EA4B}.Debug|Any CPU.ActiveCfg = Debug|Any CPU
		{DE8EDACB-8D8A-4C66-A858-8B91AC24EA4B}.Debug|Any CPU.Build.0 = Debug|Any CPU
		{DE8EDACB-8D8A-4C66-A858-8B91AC24EA4B}.Release|Any CPU.ActiveCfg = Release|Any CPU
		{DE8EDACB-8D8A-4C66-A858-8B91AC24EA4B}.Release|Any CPU.Build.0 = Release|Any CPU
		{77A18A34-63CF-4B93-884B-B30EE2E9B1BA}.Debug|Any CPU.ActiveCfg = Debug|Any CPU
		{77A18A34-63CF-4B93-884B-B30EE2E9B1BA}.Debug|Any CPU.Build.0 = Debug|Any CPU
		{77A18A34-63CF-4B93-884B-B30EE2E9B1BA}.Release|Any CPU.ActiveCfg = Release|Any CPU
		{77A18A34-63CF-4B93-884B-B30EE2E9B1BA}.Release|Any CPU.Build.0 = Release|Any CPU
	EndGlobalSection
	GlobalSection(SolutionProperties) = preSolution
		HideSolutionNode = FALSE
	EndGlobalSection
EndGlobal
